// !$*UTF8*$!
{
	archiveVersion = 1;
	classes = {
	};
	objectVersion = 46;
	objects = {

/* Begin PBXBuildFile section */
		B9C080921E32CDA3005B521A /* AppDelegate.swift in Sources */ = {isa = PBXBuildFile; fileRef = B9C080911E32CDA3005B521A /* AppDelegate.swift */; };
		B9C080941E32CDA3005B521A /* ViewController.swift in Sources */ = {isa = PBXBuildFile; fileRef = B9C080931E32CDA3005B521A /* ViewController.swift */; };
		B9C080971E32CDA3005B521A /* Main.storyboard in Resources */ = {isa = PBXBuildFile; fileRef = B9C080951E32CDA3005B521A /* Main.storyboard */; };
		B9C080991E32CDA3005B521A /* Assets.xcassets in Resources */ = {isa = PBXBuildFile; fileRef = B9C080981E32CDA3005B521A /* Assets.xcassets */; };
		B9C0809C1E32CDA3005B521A /* LaunchScreen.storyboard in Resources */ = {isa = PBXBuildFile; fileRef = B9C0809A1E32CDA3005B521A /* LaunchScreen.storyboard */; };
		B9C080A71E32CDA3005B521A /* lab2Tests.swift in Sources */ = {isa = PBXBuildFile; fileRef = B9C080A61E32CDA3005B521A /* lab2Tests.swift */; };
		B9C080B21E32CDA3005B521A /* lab2UITests.swift in Sources */ = {isa = PBXBuildFile; fileRef = B9C080B11E32CDA3005B521A /* lab2UITests.swift */; };
/* End PBXBuildFile section */

/* Begin PBXContainerItemProxy section */
		B9C080A31E32CDA3005B521A /* PBXContainerItemProxy */ = {
			isa = PBXContainerItemProxy;
			containerPortal = B9C080861E32CDA3005B521A /* Project object */;
			proxyType = 1;
			remoteGlobalIDString = B9C0808D1E32CDA3005B521A;
			remoteInfo = lab2;
		};
		B9C080AE1E32CDA3005B521A /* PBXContainerItemProxy */ = {
			isa = PBXContainerItemProxy;
			containerPortal = B9C080861E32CDA3005B521A /* Project object */;
			proxyType = 1;
			remoteGlobalIDString = B9C0808D1E32CDA3005B521A;
			remoteInfo = lab2;
		};
/* End PBXContainerItemProxy section */

/* Begin PBXFileReference section */
		B9C0808E1E32CDA3005B521A /* lab2.app */ = {isa = PBXFileReference; explicitFileType = wrapper.application; includeInIndex = 0; path = lab2.app; sourceTree = BUILT_PRODUCTS_DIR; };
		B9C080911E32CDA3005B521A /* AppDelegate.swift */ = {isa = PBXFileReference; lastKnownFileType = sourcecode.swift; path = AppDelegate.swift; sourceTree = "<group>"; };
		B9C080931E32CDA3005B521A /* ViewController.swift */ = {isa = PBXFileReference; lastKnownFileType = sourcecode.swift; path = ViewController.swift; sourceTree = "<group>"; };
		B9C080961E32CDA3005B521A /* Base */ = {isa = PBXFileReference; lastKnownFileType = file.storyboard; name = Base; path = Base.lproj/Main.storyboard; sourceTree = "<group>"; };
		B9C080981E32CDA3005B521A /* Assets.xcassets */ = {isa = PBXFileReference; lastKnownFileType = folder.assetcatalog; path = Assets.xcassets; sourceTree = "<group>"; };
		B9C0809B1E32CDA3005B521A /* Base */ = {isa = PBXFileReference; lastKnownFileType = file.storyboard; name = Base; path = Base.lproj/LaunchScreen.storyboard; sourceTree = "<group>"; };
		B9C0809D1E32CDA3005B521A /* Info.plist */ = {isa = PBXFileReference; lastKnownFileType = text.plist.xml; path = Info.plist; sourceTree = "<group>"; };
		B9C080A21E32CDA3005B521A /* lab2Tests.xctest */ = {isa = PBXFileReference; explicitFileType = wrapper.cfbundle; includeInIndex = 0; path = lab2Tests.xctest; sourceTree = BUILT_PRODUCTS_DIR; };
		B9C080A61E32CDA3005B521A /* lab2Tests.swift */ = {isa = PBXFileReference; lastKnownFileType = sourcecode.swift; path = lab2Tests.swift; sourceTree = "<group>"; };
		B9C080A81E32CDA3005B521A /* Info.plist */ = {isa = PBXFileReference; lastKnownFileType = text.plist.xml; path = Info.plist; sourceTree = "<group>"; };
		B9C080AD1E32CDA3005B521A /* lab2UITests.xctest */ = {isa = PBXFileReference; explicitFileType = wrapper.cfbundle; includeInIndex = 0; path = lab2UITests.xctest; sourceTree = BUILT_PRODUCTS_DIR; };
		B9C080B11E32CDA3005B521A /* lab2UITests.swift */ = {isa = PBXFileReference; lastKnownFileType = sourcecode.swift; path = lab2UITests.swift; sourceTree = "<group>"; };
		B9C080B31E32CDA3005B521A /* Info.plist */ = {isa = PBXFileReference; lastKnownFileType = text.plist.xml; path = Info.plist; sourceTree = "<group>"; };
/* End PBXFileReference section */

/* Begin PBXFrameworksBuildPhase section */
		B9C0808B1E32CDA3005B521A /* Frameworks */ = {
			isa = PBXFrameworksBuildPhase;
			buildActionMask = 2147483647;
			files = (
			);
			runOnlyForDeploymentPostprocessing = 0;
		};
		B9C0809F1E32CDA3005B521A /* Frameworks */ = {
			isa = PBXFrameworksBuildPhase;
			buildActionMask = 2147483647;
			files = (
			);
			runOnlyForDeploymentPostprocessing = 0;
		};
		B9C080AA1E32CDA3005B521A /* Frameworks */ = {
			isa = PBXFrameworksBuildPhase;
			buildActionMask = 2147483647;
			files = (
			);
			runOnlyForDeploymentPostprocessing = 0;
		};
/* End PBXFrameworksBuildPhase section */

/* Begin PBXGroup section */
		B9C080851E32CDA3005B521A = {
			isa = PBXGroup;
			children = (
				B9C080901E32CDA3005B521A /* lab2 */,
				B9C080A51E32CDA3005B521A /* lab2Tests */,
				B9C080B01E32CDA3005B521A /* lab2UITests */,
				B9C0808F1E32CDA3005B521A /* Products */,
			);
			sourceTree = "<group>";
		};
		B9C0808F1E32CDA3005B521A /* Products */ = {
			isa = PBXGroup;
			children = (
				B9C0808E1E32CDA3005B521A /* lab2.app */,
				B9C080A21E32CDA3005B521A /* lab2Tests.xctest */,
				B9C080AD1E32CDA3005B521A /* lab2UITests.xctest */,
			);
			name = Products;
			sourceTree = "<group>";
		};
		B9C080901E32CDA3005B521A /* lab2 */ = {
			isa = PBXGroup;
			children = (
				B9C080911E32CDA3005B521A /* AppDelegate.swift */,
				B9C080931E32CDA3005B521A /* ViewController.swift */,
				B9C080951E32CDA3005B521A /* Main.storyboard */,
				B9C080981E32CDA3005B521A /* Assets.xcassets */,
				B9C0809A1E32CDA3005B521A /* LaunchScreen.storyboard */,
				B9C0809D1E32CDA3005B521A /* Info.plist */,
			);
			path = lab2;
			sourceTree = "<group>";
		};
		B9C080A51E32CDA3005B521A /* lab2Tests */ = {
			isa = PBXGroup;
			children = (
				B9C080A61E32CDA3005B521A /* lab2Tests.swift */,
				B9C080A81E32CDA3005B521A /* Info.plist */,
			);
			path = lab2Tests;
			sourceTree = "<group>";
		};
		B9C080B01E32CDA3005B521A /* lab2UITests */ = {
			isa = PBXGroup;
			children = (
				B9C080B11E32CDA3005B521A /* lab2UITests.swift */,
				B9C080B31E32CDA3005B521A /* Info.plist */,
			);
			path = lab2UITests;
			sourceTree = "<group>";
		};
/* End PBXGroup section */

/* Begin PBXNativeTarget section */
		B9C0808D1E32CDA3005B521A /* lab2 */ = {
			isa = PBXNativeTarget;
			buildConfigurationList = B9C080B61E32CDA3005B521A /* Build configuration list for PBXNativeTarget "lab2" */;
			buildPhases = (
				B9C0808A1E32CDA3005B521A /* Sources */,
				B9C0808B1E32CDA3005B521A /* Frameworks */,
				B9C0808C1E32CDA3005B521A /* Resources */,
			);
			buildRules = (
			);
			dependencies = (
			);
			name = lab2;
			productName = lab2;
			productReference = B9C0808E1E32CDA3005B521A /* lab2.app */;
			productType = "com.apple.product-type.application";
		};
		B9C080A11E32CDA3005B521A /* lab2Tests */ = {
			isa = PBXNativeTarget;
			buildConfigurationList = B9C080B91E32CDA3005B521A /* Build configuration list for PBXNativeTarget "lab2Tests" */;
			buildPhases = (
				B9C0809E1E32CDA3005B521A /* Sources */,
				B9C0809F1E32CDA3005B521A /* Frameworks */,
				B9C080A01E32CDA3005B521A /* Resources */,
			);
			buildRules = (
			);
			dependencies = (
				B9C080A41E32CDA3005B521A /* PBXTargetDependency */,
			);
			name = lab2Tests;
			productName = lab2Tests;
			productReference = B9C080A21E32CDA3005B521A /* lab2Tests.xctest */;
			productType = "com.apple.product-type.bundle.unit-test";
		};
		B9C080AC1E32CDA3005B521A /* lab2UITests */ = {
			isa = PBXNativeTarget;
			buildConfigurationList = B9C080BC1E32CDA3005B521A /* Build configuration list for PBXNativeTarget "lab2UITests" */;
			buildPhases = (
				B9C080A91E32CDA3005B521A /* Sources */,
				B9C080AA1E32CDA3005B521A /* Frameworks */,
				B9C080AB1E32CDA3005B521A /* Resources */,
			);
			buildRules = (
			);
			dependencies = (
				B9C080AF1E32CDA3005B521A /* PBXTargetDependency */,
			);
			name = lab2UITests;
			productName = lab2UITests;
			productReference = B9C080AD1E32CDA3005B521A /* lab2UITests.xctest */;
			productType = "com.apple.product-type.bundle.ui-testing";
		};
/* End PBXNativeTarget section */

/* Begin PBXProject section */
		B9C080861E32CDA3005B521A /* Project object */ = {
			isa = PBXProject;
			attributes = {
				LastSwiftUpdateCheck = 0820;
				LastUpgradeCheck = 0820;
				ORGANIZATIONNAME = "Steven Tang ";
				TargetAttributes = {
					B9C0808D1E32CDA3005B521A = {
						CreatedOnToolsVersion = 8.2.1;
						ProvisioningStyle = Automatic;
					};
					B9C080A11E32CDA3005B521A = {
						CreatedOnToolsVersion = 8.2.1;
						ProvisioningStyle = Automatic;
						TestTargetID = B9C0808D1E32CDA3005B521A;
					};
					B9C080AC1E32CDA3005B521A = {
						CreatedOnToolsVersion = 8.2.1;
						ProvisioningStyle = Automatic;
						TestTargetID = B9C0808D1E32CDA3005B521A;
					};
				};
			};
			buildConfigurationList = B9C080891E32CDA3005B521A /* Build configuration list for PBXProject "lab2" */;
			compatibilityVersion = "Xcode 3.2";
			developmentRegion = English;
			hasScannedForEncodings = 0;
			knownRegions = (
				en,
				Base,
			);
			mainGroup = B9C080851E32CDA3005B521A;
			productRefGroup = B9C0808F1E32CDA3005B521A /* Products */;
			projectDirPath = "";
			projectRoot = "";
			targets = (
				B9C0808D1E32CDA3005B521A /* lab2 */,
				B9C080A11E32CDA3005B521A /* lab2Tests */,
				B9C080AC1E32CDA3005B521A /* lab2UITests */,
			);
		};
/* End PBXProject section */

/* Begin PBXResourcesBuildPhase section */
		B9C0808C1E32CDA3005B521A /* Resources */ = {
			isa = PBXResourcesBuildPhase;
			buildActionMask = 2147483647;
			files = (
				B9C0809C1E32CDA3005B521A /* LaunchScreen.storyboard in Resources */,
				B9C080991E32CDA3005B521A /* Assets.xcassets in Resources */,
				B9C080971E32CDA3005B521A /* Main.storyboard in Resources */,
			);
			runOnlyForDeploymentPostprocessing = 0;
		};
		B9C080A01E32CDA3005B521A /* Resources */ = {
			isa = PBXResourcesBuildPhase;
			buildActionMask = 2147483647;
			files = (
			);
			runOnlyForDeploymentPostprocessing = 0;
		};
		B9C080AB1E32CDA3005B521A /* Resources */ = {
			isa = PBXResourcesBuildPhase;
			buildActionMask = 2147483647;
			files = (
			);
			runOnlyForDeploymentPostprocessing = 0;
		};
/* End PBXResourcesBuildPhase section */

/* Begin PBXSourcesBuildPhase section */
		B9C0808A1E32CDA3005B521A /* Sources */ = {
			isa = PBXSourcesBuildPhase;
			buildActionMask = 2147483647;
			files = (
				B9C080941E32CDA3005B521A /* ViewController.swift in Sources */,
				B9C080921E32CDA3005B521A /* AppDelegate.swift in Sources */,
			);
			runOnlyForDeploymentPostprocessing = 0;
		};
		B9C0809E1E32CDA3005B521A /* Sources */ = {
			isa = PBXSourcesBuildPhase;
			buildActionMask = 2147483647;
			files = (
				B9C080A71E32CDA3005B521A /* lab2Tests.swift in Sources */,
			);
			runOnlyForDeploymentPostprocessing = 0;
		};
		B9C080A91E32CDA3005B521A /* Sources */ = {
			isa = PBXSourcesBuildPhase;
			buildActionMask = 2147483647;
			files = (
				B9C080B21E32CDA3005B521A /* lab2UITests.swift in Sources */,
			);
			runOnlyForDeploymentPostprocessing = 0;
		};
/* End PBXSourcesBuildPhase section */

/* Begin PBXTargetDependency section */
		B9C080A41E32CDA3005B521A /* PBXTargetDependency */ = {
			isa = PBXTargetDependency;
			target = B9C0808D1E32CDA3005B521A /* lab2 */;
			targetProxy = B9C080A31E32CDA3005B521A /* PBXContainerItemProxy */;
		};
		B9C080AF1E32CDA3005B521A /* PBXTargetDependency */ = {
			isa = PBXTargetDependency;
			target = B9C0808D1E32CDA3005B521A /* lab2 */;
			targetProxy = B9C080AE1E32CDA3005B521A /* PBXContainerItemProxy */;
		};
/* End PBXTargetDependency section */

/* Begin PBXVariantGroup section */
		B9C080951E32CDA3005B521A /* Main.storyboard */ = {
			isa = PBXVariantGroup;
			children = (
				B9C080961E32CDA3005B521A /* Base */,
			);
			name = Main.storyboard;
			sourceTree = "<group>";
		};
		B9C0809A1E32CDA3005B521A /* LaunchScreen.storyboard */ = {
			isa = PBXVariantGroup;
			children = (
				B9C0809B1E32CDA3005B521A /* Base */,
			);
			name = LaunchScreen.storyboard;
			sourceTree = "<group>";
		};
/* End PBXVariantGroup section */

/* Begin XCBuildConfiguration section */
		B9C080B41E32CDA3005B521A /* Debug */ = {
			isa = XCBuildConfiguration;
			buildSettings = {
				ALWAYS_SEARCH_USER_PATHS = NO;
				CLANG_ANALYZER_NONNULL = YES;
				CLANG_CXX_LANGUAGE_STANDARD = "gnu++0x";
				CLANG_CXX_LIBRARY = "libc++";
				CLANG_ENABLE_MODULES = YES;
				CLANG_ENABLE_OBJC_ARC = YES;
				CLANG_WARN_BOOL_CONVERSION = YES;
				CLANG_WARN_CONSTANT_CONVERSION = YES;
				CLANG_WARN_DIRECT_OBJC_ISA_USAGE = YES_ERROR;
				CLANG_WARN_DOCUMENTATION_COMMENTS = YES;
				CLANG_WARN_EMPTY_BODY = YES;
				CLANG_WARN_ENUM_CONVERSION = YES;
				CLANG_WARN_INFINITE_RECURSION = YES;
				CLANG_WARN_INT_CONVERSION = YES;
				CLANG_WARN_OBJC_ROOT_CLASS = YES_ERROR;
				CLANG_WARN_SUSPICIOUS_MOVE = YES;
				CLANG_WARN_UNREACHABLE_CODE = YES;
				CLANG_WARN__DUPLICATE_METHOD_MATCH = YES;
				"CODE_SIGN_IDENTITY[sdk=iphoneos*]" = "iPhone Developer";
				COPY_PHASE_STRIP = NO;
				DEBUG_INFORMATION_FORMAT = dwarf;
				ENABLE_STRICT_OBJC_MSGSEND = YES;
				ENABLE_TESTABILITY = YES;
				GCC_C_LANGUAGE_STANDARD = gnu99;
				GCC_DYNAMIC_NO_PIC = NO;
				GCC_NO_COMMON_BLOCKS = YES;
				GCC_OPTIMIZATION_LEVEL = 0;
				GCC_PREPROCESSOR_DEFINITIONS = (
					"DEBUG=1",
					"$(inherited)",
				);
				GCC_WARN_64_TO_32_BIT_CONVERSION = YES;
				GCC_WARN_ABOUT_RETURN_TYPE = YES_ERROR;
				GCC_WARN_UNDECLARED_SELECTOR = YES;
				GCC_WARN_UNINITIALIZED_AUTOS = YES_AGGRESSIVE;
				GCC_WARN_UNUSED_FUNCTION = YES;
				GCC_WARN_UNUSED_VARIABLE = YES;
				IPHONEOS_DEPLOYMENT_TARGET = 10.2;
				MTL_ENABLE_DEBUG_INFO = YES;
				ONLY_ACTIVE_ARCH = YES;
				SDKROOT = iphoneos;
				SWIFT_ACTIVE_COMPILATION_CONDITIONS = DEBUG;
				SWIFT_OPTIMIZATION_LEVEL = "-Onone";
				TARGETED_DEVICE_FAMILY = "1,2";
			};
			name = Debug;
		};
		B9C080B51E32CDA3005B521A /* Release */ = {
			isa = XCBuildConfiguration;
			buildSettings = {
				ALWAYS_SEARCH_USER_PATHS = NO;
				CLANG_ANALYZER_NONNULL = YES;
				CLANG_CXX_LANGUAGE_STANDARD = "gnu++0x";
				CLANG_CXX_LIBRARY = "libc++";
				CLANG_ENABLE_MODULES = YES;
				CLANG_ENABLE_OBJC_ARC = YES;
				CLANG_WARN_BOOL_CONVERSION = YES;
				CLANG_WARN_CONSTANT_CONVERSION = YES;
				CLANG_WARN_DIRECT_OBJC_ISA_USAGE = YES_ERROR;
				CLANG_WARN_DOCUMENTATION_COMMENTS = YES;
				CLANG_WARN_EMPTY_BODY = YES;
				CLANG_WARN_ENUM_CONVERSION = YES;
				CLANG_WARN_INFINITE_RECURSION = YES;
				CLANG_WARN_INT_CONVERSION = YES;
				CLANG_WARN_OBJC_ROOT_CLASS = YES_ERROR;
				CLANG_WARN_SUSPICIOUS_MOVE = YES;
				CLANG_WARN_UNREACHABLE_CODE = YES;
				CLANG_WARN__DUPLICATE_METHOD_MATCH = YES;
				"CODE_SIGN_IDENTITY[sdk=iphoneos*]" = "iPhone Developer";
				COPY_PHASE_STRIP = NO;
				DEBUG_INFORMATION_FORMAT = "dwarf-with-dsym";
				ENABLE_NS_ASSERTIONS = NO;
				ENABLE_STRICT_OBJC_MSGSEND = YES;
				GCC_C_LANGUAGE_STANDARD = gnu99;
				GCC_NO_COMMON_BLOCKS = YES;
				GCC_WARN_64_TO_32_BIT_CONVERSION = YES;
				GCC_WARN_ABOUT_RETURN_TYPE = YES_ERROR;
				GCC_WARN_UNDECLARED_SELECTOR = YES;
				GCC_WARN_UNINITIALIZED_AUTOS = YES_AGGRESSIVE;
				GCC_WARN_UNUSED_FUNCTION = YES;
				GCC_WARN_UNUSED_VARIABLE = YES;
				IPHONEOS_DEPLOYMENT_TARGET = 10.2;
				MTL_ENABLE_DEBUG_INFO = NO;
				SDKROOT = iphoneos;
				SWIFT_OPTIMIZATION_LEVEL = "-Owholemodule";
				TARGETED_DEVICE_FAMILY = "1,2";
				VALIDATE_PRODUCT = YES;
			};
			name = Release;
		};
		B9C080B71E32CDA3005B521A /* Debug */ = {
			isa = XCBuildConfiguration;
			buildSettings = {
				ASSETCATALOG_COMPILER_APPICON_NAME = AppIcon;
				INFOPLIST_FILE = lab2/Info.plist;
				LD_RUNPATH_SEARCH_PATHS = "$(inherited) @executable_path/Frameworks";
				PRODUCT_BUNDLE_IDENTIFIER = steven.lab2;
				PRODUCT_NAME = "$(TARGET_NAME)";
				SWIFT_VERSION = 3.0;
			};
			name = Debug;
		};
		B9C080B81E32CDA3005B521A /* Release */ = {
			isa = XCBuildConfiguration;
			buildSettings = {
				ASSETCATALOG_COMPILER_APPICON_NAME = AppIcon;
				INFOPLIST_FILE = lab2/Info.plist;
				LD_RUNPATH_SEARCH_PATHS = "$(inherited) @executable_path/Frameworks";
				PRODUCT_BUNDLE_IDENTIFIER = steven.lab2;
				PRODUCT_NAME = "$(TARGET_NAME)";
				SWIFT_VERSION = 3.0;
			};
			name = Release;
		};
		B9C080BA1E32CDA3005B521A /* Debug */ = {
			isa = XCBuildConfiguration;
			buildSettings = {
				ALWAYS_EMBED_SWIFT_STANDARD_LIBRARIES = YES;
				BUNDLE_LOADER = "$(TEST_HOST)";
				INFOPLIST_FILE = lab2Tests/Info.plist;
				LD_RUNPATH_SEARCH_PATHS = "$(inherited) @executable_path/Frameworks @loader_path/Frameworks";
				PRODUCT_BUNDLE_IDENTIFIER = steven.lab2Tests;
				PRODUCT_NAME = "$(TARGET_NAME)";
				SWIFT_VERSION = 3.0;
				TEST_HOST = "$(BUILT_PRODUCTS_DIR)/lab2.app/lab2";
			};
			name = Debug;
		};
		B9C080BB1E32CDA3005B521A /* Release */ = {
			isa = XCBuildConfiguration;
			buildSettings = {
				ALWAYS_EMBED_SWIFT_STANDARD_LIBRARIES = YES;
				BUNDLE_LOADER = "$(TEST_HOST)";
				INFOPLIST_FILE = lab2Tests/Info.plist;
				LD_RUNPATH_SEARCH_PATHS = "$(inherited) @executable_path/Frameworks @loader_path/Frameworks";
				PRODUCT_BUNDLE_IDENTIFIER = steven.lab2Tests;
				PRODUCT_NAME = "$(TARGET_NAME)";
				SWIFT_VERSION = 3.0;
				TEST_HOST = "$(BUILT_PRODUCTS_DIR)/lab2.app/lab2";
			};
			name = Release;
		};
		B9C080BD1E32CDA3005B521A /* Debug */ = {
			isa = XCBuildConfiguration;
			buildSettings = {
				ALWAYS_EMBED_SWIFT_STANDARD_LIBRARIES = YES;
				INFOPLIST_FILE = lab2UITests/Info.plist;
				LD_RUNPATH_SEARCH_PATHS = "$(inherited) @executable_path/Frameworks @loader_path/Frameworks";
				PRODUCT_BUNDLE_IDENTIFIER = steven.lab2UITests;
				PRODUCT_NAME = "$(TARGET_NAME)";
				SWIFT_VERSION = 3.0;
				TEST_TARGET_NAME = lab2;
			};
			name = Debug;
		};
		B9C080BE1E32CDA3005B521A /* Release */ = {
			isa = XCBuildConfiguration;
			buildSettings = {
				ALWAYS_EMBED_SWIFT_STANDARD_LIBRARIES = YES;
				INFOPLIST_FILE = lab2UITests/Info.plist;
				LD_RUNPATH_SEARCH_PATHS = "$(inherited) @executable_path/Frameworks @loader_path/Frameworks";
				PRODUCT_BUNDLE_IDENTIFIER = steven.lab2UITests;
				PRODUCT_NAME = "$(TARGET_NAME)";
				SWIFT_VERSION = 3.0;
				TEST_TARGET_NAME = lab2;
			};
			name = Release;
		};
/* End XCBuildConfiguration section */

/* Begin XCConfigurationList section */
		B9C080891E32CDA3005B521A /* Build configuration list for PBXProject "lab2" */ = {
			isa = XCConfigurationList;
			buildConfigurations = (
				B9C080B41E32CDA3005B521A /* Debug */,
				B9C080B51E32CDA3005B521A /* Release */,
			);
			defaultConfigurationIsVisible = 0;
			defaultConfigurationName = Release;
		};
		B9C080B61E32CDA3005B521A /* Build configuration list for PBXNativeTarget "lab2" */ = {
			isa = XCConfigurationList;
			buildConfigurations = (
				B9C080B71E32CDA3005B521A /* Debug */,
				B9C080B81E32CDA3005B521A /* Release */,
			);
			defaultConfigurationIsVisible = 0;
		};
		B9C080B91E32CDA3005B521A /* Build configuration list for PBXNativeTarget "lab2Tests" */ = {
			isa = XCConfigurationList;
			buildConfigurations = (
				B9C080BA1E32CDA3005B521A /* Debug */,
				B9C080BB1E32CDA3005B521A /* Release */,
			);
			defaultConfigurationIsVisible = 0;
		};
		B9C080BC1E32CDA3005B521A /* Build configuration list for PBXNativeTarget "lab2UITests" */ = {
			isa = XCConfigurationList;
			buildConfigurations = (
				B9C080BD1E32CDA3005B521A /* Debug */,
				B9C080BE1E32CDA3005B521A /* Release */,
			);
			defaultConfigurationIsVisible = 0;
		};
/* End XCConfigurationList section */
	};
	rootObject = B9C080861E32CDA3005B521A /* Project object */;
}
